
Microsoft Visual Studio Solution File, Format Version 12.00
# Visual Studio Version 16
VisualStudioVersion = 16.0.30907.101
MinimumVisualStudioVersion = 10.0.40219.1
Project("{9A19103F-16F7-4668-BE54-9A1E7A4F7556}") = "Project_PokerCards", "Project_PokerCards\Project_PokerCards.csproj", "{C543CB06-318E-47A4-B6F9-14070C198611}"
EndProject
Project("{FAE04EC0-301F-11D3-BF4B-00C04F79EFBC}") = "TestPokerCards", "TestPokerCards\TestPokerCards.csproj", "{ABE5D4D2-8EB1-4302-A183-C2711D2F611D}"
EndProject
Global
	GlobalSection(SolutionConfigurationPlatforms) = preSolution
		Debug|Any CPU = Debug|Any CPU
		Release|Any CPU = Release|Any CPU
	EndGlobalSection
	GlobalSection(ProjectConfigurationPlatforms) = postSolution
		{C543CB06-318E-47A4-B6F9-14070C198611}.Debug|Any CPU.ActiveCfg = Debug|Any CPU
		{C543CB06-318E-47A4-B6F9-14070C198611}.Debug|Any CPU.Build.0 = Debug|Any CPU
		{C543CB06-318E-47A4-B6F9-14070C198611}.Release|Any CPU.ActiveCfg = Release|Any CPU
		{C543CB06-318E-47A4-B6F9-14070C198611}.Release|Any CPU.Build.0 = Release|Any CPU
		{ABE5D4D2-8EB1-4302-A183-C2711D2F611D}.Debug|Any CPU.ActiveCfg = Debug|Any CPU
		{ABE5D4D2-8EB1-4302-A183-C2711D2F611D}.Debug|Any CPU.Build.0 = Debug|Any CPU
		{ABE5D4D2-8EB1-4302-A183-C2711D2F611D}.Release|Any CPU.ActiveCfg = Release|Any CPU
		{ABE5D4D2-8EB1-4302-A183-C2711D2F611D}.Release|Any CPU.Build.0 = Release|Any CPU
	EndGlobalSection
	GlobalSection(SolutionProperties) = preSolution
		HideSolutionNode = FALSE
	EndGlobalSection
	GlobalSection(ExtensibilityGlobals) = postSolution
		SolutionGuid = {D2A27B73-4083-49E3-91A0-01761251089B}
	EndGlobalSection
EndGlobal
